{
  "object": {
    "pins": [
      {
        "package": "DenCore",
        "repositoryURL": "git@github.com:chenshifei/DenCore.git",
        "state": {
          "branch": null,
          "revision": "d2c09f75ff36816c88fcc542ae844a210935b07a",
          "version": "0.4.0"
        }
      }
    ]
  },
  "version": 1
}
