{
  "object": {
    "pins": [
      {
        "package": "DenCore",
        "repositoryURL": "git@github.com:chenshifei/DenCore.git",
        "state": {
          "branch": "main",
          "revision": "0cc2904bee5d9076727d633f6a0a6d580e2102fd",
          "version": null
        }
      }
    ]
  },
  "version": 1
}
